
Microsoft Visual Studio Solution File, Format Version 12.00
Project("{FAE04EC0-301F-11D3-BF4B-00C04F79EFBC}") = "Sensor", "Sensor\Sensor.csproj", "{283029ED-84BE-4074-B8AB-83F3319847C8}"
EndProject
Project("{FAE04EC0-301F-11D3-BF4B-00C04F79EFBC}") = "MQTT", "MQTT\MQTT.csproj", "{CC504249-3643-4861-9454-4AAAB9198B07}"
EndProject
Project("{FAE04EC0-301F-11D3-BF4B-00C04F79EFBC}") = "Subscriber", "Subscriber\Subscriber.csproj", "{7CF4853D-ABF4-4F2C-888A-C7AFB1A0BB73}"
EndProject
Global
	GlobalSection(SolutionConfigurationPlatforms) = preSolution
		Debug|Any CPU = Debug|Any CPU
		Release|Any CPU = Release|Any CPU
	EndGlobalSection
	GlobalSection(ProjectConfigurationPlatforms) = postSolution
		{283029ED-84BE-4074-B8AB-83F3319847C8}.Debug|Any CPU.ActiveCfg = Debug|Any CPU
		{283029ED-84BE-4074-B8AB-83F3319847C8}.Debug|Any CPU.Build.0 = Debug|Any CPU
		{283029ED-84BE-4074-B8AB-83F3319847C8}.Release|Any CPU.ActiveCfg = Release|Any CPU
		{283029ED-84BE-4074-B8AB-83F3319847C8}.Release|Any CPU.Build.0 = Release|Any CPU
		{CC504249-3643-4861-9454-4AAAB9198B07}.Debug|Any CPU.ActiveCfg = Debug|Any CPU
		{CC504249-3643-4861-9454-4AAAB9198B07}.Debug|Any CPU.Build.0 = Debug|Any CPU
		{CC504249-3643-4861-9454-4AAAB9198B07}.Release|Any CPU.ActiveCfg = Release|Any CPU
		{CC504249-3643-4861-9454-4AAAB9198B07}.Release|Any CPU.Build.0 = Release|Any CPU
		{7CF4853D-ABF4-4F2C-888A-C7AFB1A0BB73}.Debug|Any CPU.ActiveCfg = Debug|Any CPU
		{7CF4853D-ABF4-4F2C-888A-C7AFB1A0BB73}.Debug|Any CPU.Build.0 = Debug|Any CPU
		{7CF4853D-ABF4-4F2C-888A-C7AFB1A0BB73}.Release|Any CPU.ActiveCfg = Release|Any CPU
		{7CF4853D-ABF4-4F2C-888A-C7AFB1A0BB73}.Release|Any CPU.Build.0 = Release|Any CPU
	EndGlobalSection
EndGlobal
